
Microsoft Visual Studio Solution File, Format Version 12.00
# Visual Studio Version 16
VisualStudioVersion = 16.0.32106.194
MinimumVisualStudioVersion = 10.0.40219.1
Project("{FAE04EC0-301F-11D3-BF4B-00C04F79EFBC}") = "Import.Hangfire", "Import.Hangfire\Import.Hangfire.csproj", "{654BF9E1-950D-4324-B0C9-DAD59E98EEE9}"
EndProject
Global
	GlobalSection(SolutionConfigurationPlatforms) = preSolution
		Debug|Any CPU = Debug|Any CPU
		Release|Any CPU = Release|Any CPU
	EndGlobalSection
	GlobalSection(ProjectConfigurationPlatforms) = postSolution
		{654BF9E1-950D-4324-B0C9-DAD59E98EEE9}.Debug|Any CPU.ActiveCfg = Debug|Any CPU
		{654BF9E1-950D-4324-B0C9-DAD59E98EEE9}.Debug|Any CPU.Build.0 = Debug|Any CPU
		{654BF9E1-950D-4324-B0C9-DAD59E98EEE9}.Release|Any CPU.ActiveCfg = Release|Any CPU
		{654BF9E1-950D-4324-B0C9-DAD59E98EEE9}.Release|Any CPU.Build.0 = Release|Any CPU
	EndGlobalSection
	GlobalSection(SolutionProperties) = preSolution
		HideSolutionNode = FALSE
	EndGlobalSection
	GlobalSection(ExtensibilityGlobals) = postSolution
		SolutionGuid = {682F2DDC-2A28-4613-AE37-7E89EDEB62FC}
	EndGlobalSection
EndGlobal
